
Microsoft Visual Studio Solution File, Format Version 12.00
# Visual Studio Version 17
VisualStudioVersion = 17.0.31903.59
MinimumVisualStudioVersion = 10.0.40219.1
Project("{FAE04EC0-301F-11D3-BF4B-00C04F79EFBC}") = "SleeDigital.LabelStore.Api.Customers", "Api.Customers\SleeDigital.LabelStore.Api.Customers.csproj", "{94E87E05-8B40-4129-AFDA-F2E333EB4DA3}"
EndProject
Global
	GlobalSection(SolutionConfigurationPlatforms) = preSolution
		Debug|Any CPU = Debug|Any CPU
		Release|Any CPU = Release|Any CPU
	EndGlobalSection
	GlobalSection(SolutionProperties) = preSolution
		HideSolutionNode = FALSE
	EndGlobalSection
	GlobalSection(ProjectConfigurationPlatforms) = postSolution
		{94E87E05-8B40-4129-AFDA-F2E333EB4DA3}.Debug|Any CPU.ActiveCfg = Debug|Any CPU
		{94E87E05-8B40-4129-AFDA-F2E333EB4DA3}.Debug|Any CPU.Build.0 = Debug|Any CPU
		{94E87E05-8B40-4129-AFDA-F2E333EB4DA3}.Release|Any CPU.ActiveCfg = Release|Any CPU
		{94E87E05-8B40-4129-AFDA-F2E333EB4DA3}.Release|Any CPU.Build.0 = Release|Any CPU
	EndGlobalSection
EndGlobal
