
Microsoft Visual Studio Solution File, Format Version 12.00
# Visual Studio Version 17
VisualStudioVersion = 17.0.31903.59
MinimumVisualStudioVersion = 10.0.40219.1
Project("{2150E333-8FDC-42A3-9474-1A3956D46DE8}") = "src", "src", "{D919340E-D8CD-49DE-BE32-AB31F0F76B18}"
EndProject
Project("{FAE04EC0-301F-11D3-BF4B-00C04F79EFBC}") = "LabelStore.Shipping.Api", "src\LabelStore.Shipping\LabelStore.Shipping.Api.csproj", "{4A5F1A96-9FB9-4F34-BCBA-16F0B5B5DAE3}"
EndProject
Project("{FAE04EC0-301F-11D3-BF4B-00C04F79EFBC}") = "LabelStore.Shipping.Api.Tests", "src\LabelStore.Shipping.Api.Tests\LabelStore.Shipping.Api.Tests.csproj", "{259D3F8D-4B30-46B2-8423-B109FD2F1F5D}"
EndProject
Project("{FAE04EC0-301F-11D3-BF4B-00C04F79EFBC}") = "LabelStore.Shipping.StatusWorker", "src\LabelStore.Shipping.StatusWorker\LabelStore.Shipping.StatusWorker.csproj", "{D6A834B4-3B32-481F-9DA8-54F2DE1E50DD}"
EndProject
Global
	GlobalSection(SolutionConfigurationPlatforms) = preSolution
		Debug|Any CPU = Debug|Any CPU
		Release|Any CPU = Release|Any CPU
	EndGlobalSection
	GlobalSection(SolutionProperties) = preSolution
		HideSolutionNode = FALSE
	EndGlobalSection
	GlobalSection(ProjectConfigurationPlatforms) = postSolution
		{4A5F1A96-9FB9-4F34-BCBA-16F0B5B5DAE3}.Debug|Any CPU.ActiveCfg = Debug|Any CPU
		{4A5F1A96-9FB9-4F34-BCBA-16F0B5B5DAE3}.Debug|Any CPU.Build.0 = Debug|Any CPU
		{4A5F1A96-9FB9-4F34-BCBA-16F0B5B5DAE3}.Release|Any CPU.ActiveCfg = Release|Any CPU
		{4A5F1A96-9FB9-4F34-BCBA-16F0B5B5DAE3}.Release|Any CPU.Build.0 = Release|Any CPU
		{259D3F8D-4B30-46B2-8423-B109FD2F1F5D}.Debug|Any CPU.ActiveCfg = Debug|Any CPU
		{259D3F8D-4B30-46B2-8423-B109FD2F1F5D}.Debug|Any CPU.Build.0 = Debug|Any CPU
		{259D3F8D-4B30-46B2-8423-B109FD2F1F5D}.Release|Any CPU.ActiveCfg = Release|Any CPU
		{259D3F8D-4B30-46B2-8423-B109FD2F1F5D}.Release|Any CPU.Build.0 = Release|Any CPU
		{D6A834B4-3B32-481F-9DA8-54F2DE1E50DD}.Debug|Any CPU.ActiveCfg = Debug|Any CPU
		{D6A834B4-3B32-481F-9DA8-54F2DE1E50DD}.Debug|Any CPU.Build.0 = Debug|Any CPU
		{D6A834B4-3B32-481F-9DA8-54F2DE1E50DD}.Release|Any CPU.ActiveCfg = Release|Any CPU
		{D6A834B4-3B32-481F-9DA8-54F2DE1E50DD}.Release|Any CPU.Build.0 = Release|Any CPU
	EndGlobalSection
	GlobalSection(NestedProjects) = preSolution
		{4A5F1A96-9FB9-4F34-BCBA-16F0B5B5DAE3} = {D919340E-D8CD-49DE-BE32-AB31F0F76B18}
		{259D3F8D-4B30-46B2-8423-B109FD2F1F5D} = {D919340E-D8CD-49DE-BE32-AB31F0F76B18}
		{D6A834B4-3B32-481F-9DA8-54F2DE1E50DD} = {D919340E-D8CD-49DE-BE32-AB31F0F76B18}
	EndGlobalSection
EndGlobal
